{
    "_readme": [
        "This file locks the dependencies of your project to a known state",
        "Read more about it at http://getcomposer.org/doc/01-basic-usage.md#composer-lock-the-lock-file",
        "This file is @generated automatically"
    ],
    "hash": "ad214de401589193a42a6dd15d6bdb33",
    "packages": [
        {
            "name": "sciactive/requirephp",
            "version": "1.3.0",
            "source": {
                "type": "git",
                "url": "https://github.com/sciactive/requirephp.git",
                "reference": "3147a999d1f9a1d880223603a9d0a848334ee587"
            },
            "dist": {
                "type": "zip",
                "url": "https://api.github.com/repos/sciactive/requirephp/zipball/3147a999d1f9a1d880223603a9d0a848334ee587",
                "reference": "3147a999d1f9a1d880223603a9d0a848334ee587",
                "shasum": ""
            },
            "type": "library",
            "autoload": {
                "psr-0": {
                    "SciActive\\": "src/"
                },
                "psr-4": {
                    "SciActive\\": "src/"
                }
            },
            "notification-url": "https://packagist.org/downloads/",
            "license": [
                "LGPL"
            ],
            "authors": [
                {
                    "name": "Hunter Perrin",
                    "email": "hunter@sciactive.com",
                    "homepage": "https://github.com/hperrin",
                    "role": "Developer"
                }
            ],
            "description": "An implementation of dependency injection (like RequireJS) in PHP.",
            "homepage": "http://requirephp.org/",
            "keywords": [
                "amd",
                "dependency injection",
                "dependency injector",
                "service location",
                "service locator"
            ],
            "time": "2015-02-19 00:00:00"
        }
    ],
    "packages-dev": [
        {
            "name": "sciactive/hookphp",
            "version": "1.2.0",
            "source": {
                "type": "git",
                "url": "https://github.com/sciactive/hookphp.git",
                "reference": "264223e353f10376d4b6fbe912ab7326539b7f34"
            },
            "dist": {
                "type": "zip",
                "url": "https://api.github.com/repos/sciactive/hookphp/zipball/264223e353f10376d4b6fbe912ab7326539b7f34",
                "reference": "264223e353f10376d4b6fbe912ab7326539b7f34",
                "shasum": ""
            },
            "type": "library",
            "autoload": {
                "psr-0": {
                    "SciActive\\": "src/"
                },
                "psr-4": {
                    "SciActive\\": "src/"
                }
            },
            "notification-url": "https://packagist.org/downloads/",
            "license": [
                "LGPL"
            ],
            "authors": [
                {
                    "name": "Hunter Perrin",
                    "email": "hunter@sciactive.com",
                    "homepage": "https://github.com/hperrin",
                    "role": "Developer"
                }
            ],
            "description": "Method hooking in PHP.",
            "homepage": "http://hookphp.org/",
            "keywords": [
                "HOOK",
                "interception",
                "method hooking"
            ],
            "time": "2015-02-19 00:00:00"
        }
    ],
    "aliases": [],
    "minimum-stability": "stable",
    "stability-flags": [],
    "prefer-stable": false,
    "prefer-lowest": false,
    "platform": [],
    "platform-dev": []
}
